
Microsoft Visual Studio Solution File, Format Version 12.00
# Visual Studio Version 17
VisualStudioVersion = 17.6.33829.357
MinimumVisualStudioVersion = 10.0.40219.1
Project("{9A19103F-16F7-4668-BE54-9A1E7A4F7556}") = "ProjectLothal.ElasticSearch.API", "ProjectLothal.ElasticSearch.API\ProjectLothal.ElasticSearch.API.csproj", "{657EEA36-B570-4A41-A7D5-6263393DC749}"
EndProject
Project("{9A19103F-16F7-4668-BE54-9A1E7A4F7556}") = "ProjectLothal.ElasticSearch.Domain", "ProjectLothal.ElasticSearch.Domain\ProjectLothal.ElasticSearch.Domain.csproj", "{DA52FC60-8613-4C88-AFBA-8B3C6BD6C867}"
EndProject
Project("{FAE04EC0-301F-11D3-BF4B-00C04F79EFBC}") = "ProjectLothal.Elastic.Persistance", "ProjectLothal.Elastic.Persistance\ProjectLothal.Elastic.Persistance.csproj", "{9C403966-820E-4385-9DAB-91E37C2A5FCC}"
EndProject
Global
	GlobalSection(SolutionConfigurationPlatforms) = preSolution
		Debug|Any CPU = Debug|Any CPU
		Release|Any CPU = Release|Any CPU
	EndGlobalSection
	GlobalSection(ProjectConfigurationPlatforms) = postSolution
		{657EEA36-B570-4A41-A7D5-6263393DC749}.Debug|Any CPU.ActiveCfg = Debug|Any CPU
		{657EEA36-B570-4A41-A7D5-6263393DC749}.Debug|Any CPU.Build.0 = Debug|Any CPU
		{657EEA36-B570-4A41-A7D5-6263393DC749}.Release|Any CPU.ActiveCfg = Release|Any CPU
		{657EEA36-B570-4A41-A7D5-6263393DC749}.Release|Any CPU.Build.0 = Release|Any CPU
		{DA52FC60-8613-4C88-AFBA-8B3C6BD6C867}.Debug|Any CPU.ActiveCfg = Debug|Any CPU
		{DA52FC60-8613-4C88-AFBA-8B3C6BD6C867}.Debug|Any CPU.Build.0 = Debug|Any CPU
		{DA52FC60-8613-4C88-AFBA-8B3C6BD6C867}.Release|Any CPU.ActiveCfg = Release|Any CPU
		{DA52FC60-8613-4C88-AFBA-8B3C6BD6C867}.Release|Any CPU.Build.0 = Release|Any CPU
		{9C403966-820E-4385-9DAB-91E37C2A5FCC}.Debug|Any CPU.ActiveCfg = Debug|Any CPU
		{9C403966-820E-4385-9DAB-91E37C2A5FCC}.Debug|Any CPU.Build.0 = Debug|Any CPU
		{9C403966-820E-4385-9DAB-91E37C2A5FCC}.Release|Any CPU.ActiveCfg = Release|Any CPU
		{9C403966-820E-4385-9DAB-91E37C2A5FCC}.Release|Any CPU.Build.0 = Release|Any CPU
	EndGlobalSection
	GlobalSection(SolutionProperties) = preSolution
		HideSolutionNode = FALSE
	EndGlobalSection
	GlobalSection(ExtensibilityGlobals) = postSolution
		SolutionGuid = {5BC94CDF-E458-4CE2-87AB-2ECEBB883684}
	EndGlobalSection
EndGlobal
